
Microsoft Visual Studio Solution File, Format Version 12.00
# Visual Studio 2012
Project("{FAE04EC0-301F-11D3-BF4B-00C04F79EFBC}") = "CsharpDay04_05_18", "CsharpDay04_05_18\CsharpDay04_05_18.csproj", "{43072140-D5F5-42DD-8E12-45AC5EEBFDBD}"
EndProject
Global
	GlobalSection(SolutionConfigurationPlatforms) = preSolution
		Debug|x86 = Debug|x86
		Release|x86 = Release|x86
	EndGlobalSection
	GlobalSection(ProjectConfigurationPlatforms) = postSolution
		{43072140-D5F5-42DD-8E12-45AC5EEBFDBD}.Debug|x86.ActiveCfg = Debug|x86
		{43072140-D5F5-42DD-8E12-45AC5EEBFDBD}.Debug|x86.Build.0 = Debug|x86
		{43072140-D5F5-42DD-8E12-45AC5EEBFDBD}.Release|x86.ActiveCfg = Release|x86
		{43072140-D5F5-42DD-8E12-45AC5EEBFDBD}.Release|x86.Build.0 = Release|x86
	EndGlobalSection
EndGlobal
