
Microsoft Visual Studio Solution File, Format Version 12.00
# Visual Studio 2012
Project("{FAE04EC0-301F-11D3-BF4B-00C04F79EFBC}") = "CsharpDay05_5_21", "CsharpDay05_5_21\CsharpDay05_5_21.csproj", "{25A00587-3DB1-4AA7-9A83-EDBF3CB87FDD}"
EndProject
Global
	GlobalSection(SolutionConfigurationPlatforms) = preSolution
		Debug|x86 = Debug|x86
		Release|x86 = Release|x86
	EndGlobalSection
	GlobalSection(ProjectConfigurationPlatforms) = postSolution
		{25A00587-3DB1-4AA7-9A83-EDBF3CB87FDD}.Debug|x86.ActiveCfg = Debug|x86
		{25A00587-3DB1-4AA7-9A83-EDBF3CB87FDD}.Debug|x86.Build.0 = Debug|x86
		{25A00587-3DB1-4AA7-9A83-EDBF3CB87FDD}.Release|x86.ActiveCfg = Release|x86
		{25A00587-3DB1-4AA7-9A83-EDBF3CB87FDD}.Release|x86.Build.0 = Release|x86
	EndGlobalSection
EndGlobal
