
Microsoft Visual Studio Solution File, Format Version 12.00
# Visual Studio 2012
Project("{FAE04EC0-301F-11D3-BF4B-00C04F79EFBC}") = "CSharpDay18_06_12", "CSharpDay18_06_12\CSharpDay18_06_12.csproj", "{A6087CD7-01A9-4A45-8042-3A12276CBCE2}"
EndProject
Global
	GlobalSection(SolutionConfigurationPlatforms) = preSolution
		Debug|x86 = Debug|x86
		Release|x86 = Release|x86
	EndGlobalSection
	GlobalSection(ProjectConfigurationPlatforms) = postSolution
		{A6087CD7-01A9-4A45-8042-3A12276CBCE2}.Debug|x86.ActiveCfg = Debug|x86
		{A6087CD7-01A9-4A45-8042-3A12276CBCE2}.Debug|x86.Build.0 = Debug|x86
		{A6087CD7-01A9-4A45-8042-3A12276CBCE2}.Release|x86.ActiveCfg = Release|x86
		{A6087CD7-01A9-4A45-8042-3A12276CBCE2}.Release|x86.Build.0 = Release|x86
	EndGlobalSection
EndGlobal
