
Microsoft Visual Studio Solution File, Format Version 12.00
# Visual Studio 2012
Project("{FAE04EC0-301F-11D3-BF4B-00C04F79EFBC}") = "Day02_05-16", "Day02_05-16\Day02_05-16.csproj", "{9AE47C7B-DD5E-43C3-9E6C-7D06E73EA775}"
EndProject
Global
	GlobalSection(SolutionConfigurationPlatforms) = preSolution
		Debug|x86 = Debug|x86
		Release|x86 = Release|x86
	EndGlobalSection
	GlobalSection(ProjectConfigurationPlatforms) = postSolution
		{9AE47C7B-DD5E-43C3-9E6C-7D06E73EA775}.Debug|x86.ActiveCfg = Debug|x86
		{9AE47C7B-DD5E-43C3-9E6C-7D06E73EA775}.Debug|x86.Build.0 = Debug|x86
		{9AE47C7B-DD5E-43C3-9E6C-7D06E73EA775}.Release|x86.ActiveCfg = Release|x86
		{9AE47C7B-DD5E-43C3-9E6C-7D06E73EA775}.Release|x86.Build.0 = Release|x86
	EndGlobalSection
EndGlobal
